{
  "name": "apps",
  "lockfileVersion": 3,
  "requires": true,
  "packages": {
    "": {
      "dependencies": {
        "@uor-foundation/math-js": "github:uor-foundation/math-js"
      }
    },
    "node_modules/@uor-foundation/math-js": {
      "version": "0.1.1",
      "resolved": "git+ssh://git@github.com/uor-foundation/math-js.git#976ec5db4e37f6f85317636bbfa1915508a0719a",
      "license": "MIT",
      "engines": {
        "node": ">=16.0.0"
      }
    }
  }
}
